{
  "originHash" : "030e2e08cd8136ef4979b9859808c4d600a8c247ec6d4d717a9d6e28d9cda420",
  "pins" : [
    {
      "identity" : "freetdskit",
      "kind" : "remoteSourceControl",
      "location" : "https://github.com/oliwonders/FreeTDSKit.git",
      "state" : {
        "branch" : "main",
        "revision" : "425e81d7574a1bc656e03b717d06580cfde0b4c2"
      }
    }
  ],
  "version" : 3
}
