{
  "originHash" : "4cc662c51a979edcc0b6214c9a23a3aff19d94927f168a27dd8cc56b796c5f3f",
  "pins" : [
    {
      "identity" : "freetdskit",
      "kind" : "remoteSourceControl",
      "location" : "https://github.com/oliwonders/FreeTDSKit.git",
      "state" : {
        "branch" : "main",
        "revision" : "22c24a542f1743f69d75f5235cb5dc297c98d75e"
      }
    },
    {
      "identity" : "swift-log",
      "kind" : "remoteSourceControl",
      "location" : "https://github.com/apple/swift-log.git",
      "state" : {
        "revision" : "bbd81b6725ae874c69e9b8c8804d462356b55523",
        "version" : "1.10.1"
      }
    }
  ],
  "version" : 3
}
